
Microsoft Visual Studio Solution File, Format Version 12.00
# Visual Studio 14
VisualStudioVersion = 14.0.25123.0
MinimumVisualStudioVersion = 10.0.40219.1
Project("{2150E333-8FDC-42A3-9474-1A3956D46DE8}") = "src", "src", "{262CE391-CCCC-4FDE-A9F8-2B45C132AF61}"
EndProject
Project("{2150E333-8FDC-42A3-9474-1A3956D46DE8}") = "Solution Items", "Solution Items", "{16147685-B48A-45F8-B802-BFCE9686D747}"
	ProjectSection(SolutionItems) = preProject
		global.json = global.json
	EndProjectSection
EndProject
Project("{8BB2217D-0F2D-49D1-97BC-3654ED321F3B}") = "IdentityServer4.Contrib.AspNetIdentity", "src\IdentityServer4.Contrib.AspNetIdentity\IdentityServer4.Contrib.AspNetIdentity.xproj", "{36DFDD30-81D5-4F50-9846-C8370690C83F}"
EndProject
Global
	GlobalSection(SolutionConfigurationPlatforms) = preSolution
		Debug|Any CPU = Debug|Any CPU
		Release|Any CPU = Release|Any CPU
	EndGlobalSection
	GlobalSection(ProjectConfigurationPlatforms) = postSolution
		{36DFDD30-81D5-4F50-9846-C8370690C83F}.Debug|Any CPU.ActiveCfg = Debug|Any CPU
		{36DFDD30-81D5-4F50-9846-C8370690C83F}.Debug|Any CPU.Build.0 = Debug|Any CPU
		{36DFDD30-81D5-4F50-9846-C8370690C83F}.Release|Any CPU.ActiveCfg = Release|Any CPU
		{36DFDD30-81D5-4F50-9846-C8370690C83F}.Release|Any CPU.Build.0 = Release|Any CPU
	EndGlobalSection
	GlobalSection(SolutionProperties) = preSolution
		HideSolutionNode = FALSE
	EndGlobalSection
	GlobalSection(NestedProjects) = preSolution
		{36DFDD30-81D5-4F50-9846-C8370690C83F} = {262CE391-CCCC-4FDE-A9F8-2B45C132AF61}
	EndGlobalSection
EndGlobal
