
Microsoft Visual Studio Solution File, Format Version 12.00
# Visual Studio 14
VisualStudioVersion = 14.0.25123.0
MinimumVisualStudioVersion = 10.0.40219.1
Project("{2150E333-8FDC-42A3-9474-1A3956D46DE8}") = "src", "src", "{262CE391-CCCC-4FDE-A9F8-2B45C132AF61}"
EndProject
Project("{2150E333-8FDC-42A3-9474-1A3956D46DE8}") = "Solution Items", "Solution Items", "{16147685-B48A-45F8-B802-BFCE9686D747}"
	ProjectSection(SolutionItems) = preProject
		global.json = global.json
	EndProjectSection
EndProject
Project("{8BB2217D-0F2D-49D1-97BC-3654ED321F3B}") = "IdentityServer4.Contrib.AspNetIdentity", "src\IdentityServer4.Contrib.AspNetIdentity\IdentityServer4.Contrib.AspNetIdentity.xproj", "{36DFDD30-81D5-4F50-9846-C8370690C83F}"
EndProject
Project("{2150E333-8FDC-42A3-9474-1A3956D46DE8}") = "test", "test", "{C5F34327-A739-470B-9DD9-372B8B1E29A8}"
EndProject
Project("{8BB2217D-0F2D-49D1-97BC-3654ED321F3B}") = "IdentityServer4.Contrib.AspNetIdentity.Tests", "test\IdentityServer4.Contrib.AspNetIdentity.Tests\IdentityServer4.Contrib.AspNetIdentity.Tests.xproj", "{82A9B9A1-C3EB-49B9-A541-0C48BDC850B6}"
EndProject
Project("{2150E333-8FDC-42A3-9474-1A3956D46DE8}") = "sample", "sample", "{F7B4F7FA-2A20-4249-B155-F0A6CCAD9A85}"
EndProject
Project("{8BB2217D-0F2D-49D1-97BC-3654ED321F3B}") = "Api", "sample\Api\Api.xproj", "{07A53097-4D2E-41C3-884B-D37B86289F66}"
EndProject
Project("{8BB2217D-0F2D-49D1-97BC-3654ED321F3B}") = "MVC", "sample\MVC\MVC.xproj", "{963B39C0-FA62-40EE-9B3A-974B0DFBD7F0}"
EndProject
Project("{8BB2217D-0F2D-49D1-97BC-3654ED321F3B}") = "IdentityServer", "sample\IdentityServer\IdentityServer.xproj", "{C1F0E599-10DB-4EBE-ACB5-6F62121B1F2A}"
EndProject
Global
	GlobalSection(SolutionConfigurationPlatforms) = preSolution
		Debug|Any CPU = Debug|Any CPU
		Release|Any CPU = Release|Any CPU
	EndGlobalSection
	GlobalSection(ProjectConfigurationPlatforms) = postSolution
		{36DFDD30-81D5-4F50-9846-C8370690C83F}.Debug|Any CPU.ActiveCfg = Debug|Any CPU
		{36DFDD30-81D5-4F50-9846-C8370690C83F}.Debug|Any CPU.Build.0 = Debug|Any CPU
		{36DFDD30-81D5-4F50-9846-C8370690C83F}.Release|Any CPU.ActiveCfg = Release|Any CPU
		{36DFDD30-81D5-4F50-9846-C8370690C83F}.Release|Any CPU.Build.0 = Release|Any CPU
		{82A9B9A1-C3EB-49B9-A541-0C48BDC850B6}.Debug|Any CPU.ActiveCfg = Debug|Any CPU
		{82A9B9A1-C3EB-49B9-A541-0C48BDC850B6}.Debug|Any CPU.Build.0 = Debug|Any CPU
		{82A9B9A1-C3EB-49B9-A541-0C48BDC850B6}.Release|Any CPU.ActiveCfg = Release|Any CPU
		{82A9B9A1-C3EB-49B9-A541-0C48BDC850B6}.Release|Any CPU.Build.0 = Release|Any CPU
		{07A53097-4D2E-41C3-884B-D37B86289F66}.Debug|Any CPU.ActiveCfg = Debug|Any CPU
		{07A53097-4D2E-41C3-884B-D37B86289F66}.Debug|Any CPU.Build.0 = Debug|Any CPU
		{07A53097-4D2E-41C3-884B-D37B86289F66}.Release|Any CPU.ActiveCfg = Release|Any CPU
		{07A53097-4D2E-41C3-884B-D37B86289F66}.Release|Any CPU.Build.0 = Release|Any CPU
		{963B39C0-FA62-40EE-9B3A-974B0DFBD7F0}.Debug|Any CPU.ActiveCfg = Debug|Any CPU
		{963B39C0-FA62-40EE-9B3A-974B0DFBD7F0}.Debug|Any CPU.Build.0 = Debug|Any CPU
		{963B39C0-FA62-40EE-9B3A-974B0DFBD7F0}.Release|Any CPU.ActiveCfg = Release|Any CPU
		{963B39C0-FA62-40EE-9B3A-974B0DFBD7F0}.Release|Any CPU.Build.0 = Release|Any CPU
		{C1F0E599-10DB-4EBE-ACB5-6F62121B1F2A}.Debug|Any CPU.ActiveCfg = Debug|Any CPU
		{C1F0E599-10DB-4EBE-ACB5-6F62121B1F2A}.Debug|Any CPU.Build.0 = Debug|Any CPU
		{C1F0E599-10DB-4EBE-ACB5-6F62121B1F2A}.Release|Any CPU.ActiveCfg = Release|Any CPU
		{C1F0E599-10DB-4EBE-ACB5-6F62121B1F2A}.Release|Any CPU.Build.0 = Release|Any CPU
	EndGlobalSection
	GlobalSection(SolutionProperties) = preSolution
		HideSolutionNode = FALSE
	EndGlobalSection
	GlobalSection(NestedProjects) = preSolution
		{36DFDD30-81D5-4F50-9846-C8370690C83F} = {262CE391-CCCC-4FDE-A9F8-2B45C132AF61}
		{82A9B9A1-C3EB-49B9-A541-0C48BDC850B6} = {C5F34327-A739-470B-9DD9-372B8B1E29A8}
		{07A53097-4D2E-41C3-884B-D37B86289F66} = {F7B4F7FA-2A20-4249-B155-F0A6CCAD9A85}
		{963B39C0-FA62-40EE-9B3A-974B0DFBD7F0} = {F7B4F7FA-2A20-4249-B155-F0A6CCAD9A85}
		{C1F0E599-10DB-4EBE-ACB5-6F62121B1F2A} = {F7B4F7FA-2A20-4249-B155-F0A6CCAD9A85}
	EndGlobalSection
EndGlobal
